# This file is automatically @generated by pesde.
# It is not intended for manual editing.
format = 2
name = "discord_luau/rest"
version = "0.0.1"
target = "lune"

[graph."discord_luau/api_types@0.0.1 lune"]
direct = ["api_types", { workspace = "discord_luau/api_types", version = "^" }, "standard"]

[graph."discord_luau/api_types@0.0.1 lune".dependencies]
bit = ["discord_luau/bit@0.0.1 luau", "standard"]
util = ["discord_luau/util@0.0.1 lune", "standard"]

[graph."discord_luau/api_types@0.0.1 lune".pkg_ref]
ref_ty = "workspace"
path = "packages/api_types"

[graph."discord_luau/api_types@0.0.1 lune".pkg_ref.dependencies]
bit = [{ workspace = "discord_luau/bit", version = "^", target = "luau" }, "standard"]
util = [{ workspace = "discord_luau/util", version = "^" }, "standard"]

[graph."discord_luau/bit@0.0.1 luau".pkg_ref]
ref_ty = "workspace"
path = "packages/bit"

[graph."discord_luau/std_polyfills@0.0.1 lune"]
direct = ["std_polyfills", { workspace = "discord_luau/std_polyfills", version = "^" }, "standard"]

[graph."discord_luau/std_polyfills@0.0.1 lune".pkg_ref]
ref_ty = "workspace"
path = "packages/std_polyfills"

[graph."discord_luau/util@0.0.1 lune".pkg_ref]
ref_ty = "workspace"
path = "packages/utilities"

[graph."yetanotherclown/luau_futures@2.0.0-beta.3 luau"]
direct = ["future", { name = "yetanotherclown/luau_futures", version = "^2.0.0-beta.3", index = "default", target = "luau" }, "standard"]

[graph."yetanotherclown/luau_futures@2.0.0-beta.3 luau".pkg_ref]
ref_ty = "pesde"
index_url = "https://github.com/pesde-pkg/index"
