# This file is automatically @generated by pesde.
# It is not intended for manual editing.
format = 2
name = "discord_luau/root"
version = "0.0.0"
target = "lune"

[workspace."discord_luau/api_types"]
lune = "packages/api_types"

[workspace."discord_luau/bit"]
luau = "packages/bit"

[workspace."discord_luau/buffer"]
luau = "packages/buffer"

[workspace."discord_luau/builders"]
lune = "packages/builders"

[workspace."discord_luau/classes"]
lune = "packages/classes"

[workspace."discord_luau/discord_luau"]
lune = "packages/discord_luau"

[workspace."discord_luau/emitter"]
luau = "packages/emitter"

[workspace."discord_luau/formdata"]
luau = "packages/formdata"

[workspace."discord_luau/logger"]
lune = "packages/logger"

[workspace."discord_luau/rest"]
lune = "packages/rest"

[workspace."discord_luau/secret"]
luau = "packages/secret"

[workspace."discord_luau/snowflake"]
lune = "packages/snowflake"

[workspace."discord_luau/state"]
lune = "packages/state"

[workspace."discord_luau/std_polyfills"]
lune = "packages/std_polyfills"

[workspace."discord_luau/stream"]
luau = "packages/stream"

[workspace."discord_luau/util"]
lune = "packages/utilities"

[workspace."discord_luau/voice"]
lune = "packages/voice"

[workspace."discord_luau/websocket"]
lune = "packages/websocket"

[graph."itsfrank/frktest@0.0.2 lune"]
direct = ["frktest", { name = "itsfrank/frktest", version = "^0.0.2", index = "default", target = "lune" }, "dev"]

[graph."itsfrank/frktest@0.0.2 lune".pkg_ref]
ref_ty = "pesde"
index_url = "https://github.com/pesde-pkg/index"
