# This file is automatically @generated by pesde.
# It is not intended for manual editing.
format = 2
name = "discord_luau/bit"
version = "0.0.2"
target = "luau"

[graph."4x8matrix/int64@1.0.1 luau"]
direct = ["int64", { name = "4x8matrix/int64", version = "^1.0.1", index = "default" }, "standard"]

[graph."4x8matrix/int64@1.0.1 luau".pkg_ref]
ref_ty = "pesde"
index_url = "https://github.com/pesde-pkg/index"
