# This file is automatically @generated by pesde.
# It is not intended for manual editing.
format = 2
name = "discord_luau/builders"
version = "0.0.3"
target = "luau"

[graph."4x8matrix/int64@1.0.1 luau".pkg_ref]
ref_ty = "pesde"
index_url = "https://github.com/pesde-pkg/index"

[graph."discord_luau/api_types@0.0.2 luau"]
direct = ["api_types", { name = "discord_luau/api_types", version = ">=0.0.0", index = "default" }, "standard"]

[graph."discord_luau/api_types@0.0.2 luau".dependencies]
bit = ["discord_luau/bit@0.0.2 luau", "standard"]
util = ["discord_luau/util@0.0.2 luau", "standard"]

[graph."discord_luau/api_types@0.0.2 luau".pkg_ref]
ref_ty = "pesde"
index_url = "https://github.com/pesde-pkg/index"

[graph."discord_luau/api_types@0.0.2 luau".pkg_ref.dependencies]
bit = [{ name = "discord_luau/bit", version = "^0.0.2", index = "https://github.com/pesde-pkg/index" }, "standard"]
util = [{ name = "discord_luau/util", version = "^0.0.2", index = "https://github.com/pesde-pkg/index" }, "standard"]

[graph."discord_luau/bit@0.0.2 luau"]
direct = ["bit", { name = "discord_luau/bit", version = ">=0.0.0", index = "default" }, "standard"]

[graph."discord_luau/bit@0.0.2 luau".dependencies]
int64 = ["4x8matrix/int64@1.0.1 luau", "standard"]

[graph."discord_luau/bit@0.0.2 luau".pkg_ref]
ref_ty = "pesde"
index_url = "https://github.com/pesde-pkg/index"

[graph."discord_luau/bit@0.0.2 luau".pkg_ref.dependencies]
int64 = [{ name = "4x8matrix/int64", version = "^1.0.1", index = "https://github.com/pesde-pkg/index" }, "standard"]

[graph."discord_luau/std_polyfills@0.0.2 luau"]
direct = ["std_polyfills", { name = "discord_luau/std_polyfills", version = ">=0.0.0", index = "default" }, "standard"]

[graph."discord_luau/std_polyfills@0.0.2 luau".pkg_ref]
ref_ty = "pesde"
index_url = "https://github.com/pesde-pkg/index"

[graph."discord_luau/util@0.0.2 luau"]
direct = ["util", { name = "discord_luau/util", version = ">=0.0.0", index = "default" }, "standard"]

[graph."discord_luau/util@0.0.2 luau".pkg_ref]
ref_ty = "pesde"
index_url = "https://github.com/pesde-pkg/index"
