# This file is automatically @generated by pesde.
# It is not intended for manual editing.
format = 2
name = "discord_luau/websocket"
version = "0.0.3"
target = "luau"

[graph."4x8matrix/int64@1.0.1 luau".pkg_ref]
ref_ty = "pesde"
index_url = "https://github.com/pesde-pkg/index"

[graph."discord_luau/accumulator@0.0.2 luau"]
direct = ["accumulator", { name = "discord_luau/accumulator", version = ">=0.0.0", index = "default" }, "standard"]

[graph."discord_luau/accumulator@0.0.2 luau".pkg_ref]
ref_ty = "pesde"
index_url = "https://github.com/pesde-pkg/index"

[graph."discord_luau/api_types@0.0.2 luau"]
direct = ["api_types", { name = "discord_luau/api_types", version = ">=0.0.0", index = "default" }, "standard"]

[graph."discord_luau/api_types@0.0.2 luau".dependencies]
bit = ["discord_luau/bit@0.0.2 luau", "standard"]
util = ["discord_luau/util@0.0.2 luau", "standard"]

[graph."discord_luau/api_types@0.0.2 luau".pkg_ref]
ref_ty = "pesde"
index_url = "https://github.com/pesde-pkg/index"

[graph."discord_luau/api_types@0.0.2 luau".pkg_ref.dependencies]
bit = [{ name = "discord_luau/bit", version = "^0.0.2", index = "https://github.com/pesde-pkg/index" }, "standard"]
util = [{ name = "discord_luau/util", version = "^0.0.2", index = "https://github.com/pesde-pkg/index" }, "standard"]

[graph."discord_luau/bit@0.0.2 luau".dependencies]
int64 = ["4x8matrix/int64@1.0.1 luau", "standard"]

[graph."discord_luau/bit@0.0.2 luau".pkg_ref]
ref_ty = "pesde"
index_url = "https://github.com/pesde-pkg/index"

[graph."discord_luau/bit@0.0.2 luau".pkg_ref.dependencies]
int64 = [{ name = "4x8matrix/int64", version = "^1.0.1", index = "https://github.com/pesde-pkg/index" }, "standard"]

[graph."discord_luau/emitter@0.0.2 luau"]
direct = ["emitter", { name = "discord_luau/emitter", version = ">=0.0.0", index = "default" }, "standard"]

[graph."discord_luau/emitter@0.0.2 luau".dependencies]
logger = ["discord_luau/logger@0.0.2 luau", "standard"]

[graph."discord_luau/emitter@0.0.2 luau".pkg_ref]
ref_ty = "pesde"
index_url = "https://github.com/pesde-pkg/index"

[graph."discord_luau/emitter@0.0.2 luau".pkg_ref.dependencies]
logger = [{ name = "discord_luau/logger", version = "^0.0.2", index = "https://github.com/pesde-pkg/index" }, "standard"]

[graph."discord_luau/logger@0.0.2 luau"]
direct = ["logger", { name = "discord_luau/logger", version = ">=0.0.0", index = "default" }, "standard"]

[graph."discord_luau/logger@0.0.2 luau".dependencies]
std_polyfills = ["discord_luau/std_polyfills@0.0.2 luau", "standard"]

[graph."discord_luau/logger@0.0.2 luau".pkg_ref]
ref_ty = "pesde"
index_url = "https://github.com/pesde-pkg/index"

[graph."discord_luau/logger@0.0.2 luau".pkg_ref.dependencies]
std_polyfills = [{ name = "discord_luau/std_polyfills", version = "^0.0.2", index = "https://github.com/pesde-pkg/index" }, "standard"]

[graph."discord_luau/secret@0.0.2 luau"]
direct = ["secret", { name = "discord_luau/secret", version = ">=0.0.0", index = "default" }, "standard"]

[graph."discord_luau/secret@0.0.2 luau".pkg_ref]
ref_ty = "pesde"
index_url = "https://github.com/pesde-pkg/index"

[graph."discord_luau/std_polyfills@0.0.2 luau"]
direct = ["std_polyfills", { name = "discord_luau/std_polyfills", version = ">=0.0.0", index = "default" }, "standard"]

[graph."discord_luau/std_polyfills@0.0.2 luau".pkg_ref]
ref_ty = "pesde"
index_url = "https://github.com/pesde-pkg/index"

[graph."discord_luau/util@0.0.2 luau"]
direct = ["util", { name = "discord_luau/util", version = ">=0.0.0", index = "default" }, "standard"]

[graph."discord_luau/util@0.0.2 luau".pkg_ref]
ref_ty = "pesde"
index_url = "https://github.com/pesde-pkg/index"

[graph."yetanotherclown/luau_futures@2.0.0-beta.3 luau"]
direct = ["future", { name = "yetanotherclown/luau_futures", version = "^2.0.0-beta.3", index = "default" }, "standard"]

[graph."yetanotherclown/luau_futures@2.0.0-beta.3 luau".pkg_ref]
ref_ty = "pesde"
index_url = "https://github.com/pesde-pkg/index"
