# This file is automatically @generated by pesde.
# It is not intended for manual editing.
format = 2
name = "discord_luau/api_types"
version = "0.0.1"
target = "lune"

[graph."discord_luau/bit@0.0.1 luau"]
direct = ["bit", { workspace = "discord_luau/bit", version = "^", target = "luau" }, "standard"]

[graph."discord_luau/bit@0.0.1 luau".pkg_ref]
ref_ty = "workspace"
path = "packages/bit"

[graph."discord_luau/util@0.0.1 lune"]
direct = ["util", { workspace = "discord_luau/util", version = "^" }, "standard"]

[graph."discord_luau/util@0.0.1 lune".pkg_ref]
ref_ty = "workspace"
path = "packages/utilities"
