# This file is automatically @generated by pesde.
# It is not intended for manual editing.
format = 2
name = "discord_luau/sodium"
version = "0.0.4"
target = "luau"

[graph."discord_luau/binary@0.0.2 luau"]
direct = ["binary", { name = "discord_luau/binary", version = ">=0.0.0", index = "default" }, "standard"]

[graph."discord_luau/binary@0.0.2 luau".dependencies]
sha256 = ["kimpure/sha256@0.1.1 luau", "standard"]
std_polyfills = ["discord_luau/std_polyfills@0.0.2 luau", "standard"]

[graph."discord_luau/binary@0.0.2 luau".pkg_ref]
ref_ty = "pesde"
index_url = "https://github.com/pesde-pkg/index"

[graph."discord_luau/binary@0.0.2 luau".pkg_ref.dependencies]
sha256 = [{ name = "kimpure/sha256", version = "^0.1.1", index = "https://github.com/pesde-pkg/index" }, "standard"]
std_polyfills = [{ name = "discord_luau/std_polyfills", version = "^0.0.2", index = "https://github.com/pesde-pkg/index" }, "standard"]

[graph."discord_luau/std_polyfills@0.0.2 luau"]
direct = ["std_polyfills", { name = "discord_luau/std_polyfills", version = ">=0.0.0", index = "default" }, "standard"]

[graph."discord_luau/std_polyfills@0.0.2 luau".pkg_ref]
ref_ty = "pesde"
index_url = "https://github.com/pesde-pkg/index"

[graph."kimpure/sha256@0.1.1 luau".pkg_ref]
ref_ty = "pesde"
index_url = "https://github.com/pesde-pkg/index"
