# This file is automatically @generated by pesde.
# It is not intended for manual editing.
format = 2
name = "discord_luau/classes"
version = "0.0.1"
target = "luau"

[graph."4x8matrix/cli_builder@0.1.0-dev.1 luau"]
direct = ["cli_builder", { name = "4x8matrix/cli_builder", version = "^0.1.0-dev.1", index = "default" }, "standard"]

[graph."4x8matrix/cli_builder@0.1.0-dev.1 luau".pkg_ref]
ref_ty = "pesde"
index_url = "https://github.com/pesde-pkg/index"

[graph."4x8matrix/cli_builder@0.1.0-dev.1 luau".pkg_ref.dependencies]
frktest = [{ name = "itsfrank/frktest", version = "^0.0.2", index = "https://github.com/pesde-pkg/index", target = "lune" }, "dev"]

[graph."discord_luau/logger@0.0.1 luau"]
direct = ["logger", { workspace = "discord_luau/logger", version = "^" }, "standard"]

[graph."discord_luau/logger@0.0.1 luau".dependencies]
std_polyfills = ["discord_luau/std_polyfills@0.0.1 lune", "standard"]

[graph."discord_luau/logger@0.0.1 luau".pkg_ref]
ref_ty = "workspace"
path = "packages/logger"

[graph."discord_luau/logger@0.0.1 luau".pkg_ref.dependencies]
std_polyfills = [{ workspace = "discord_luau/std_polyfills", version = "^", target = "lune" }, "standard"]

[graph."discord_luau/std_polyfills@0.0.1 lune"]
direct = ["std_polyfills", { workspace = "discord_luau/std_polyfills", version = "^", target = "lune" }, "standard"]

[graph."discord_luau/std_polyfills@0.0.1 lune".pkg_ref]
ref_ty = "workspace"
path = "packages/std_polyfills"
