# This file is automatically @generated by pesde.
# It is not intended for manual editing.
format = 2
name = "discord_luau/dave"
version = "0.0.1"
target = "luau"

[graph."discord_luau/std_polyfills@0.0.1 luau"]
direct = ["std_polyfills", { workspace = "discord_luau/std_polyfills", version = "^" }, "standard"]

[graph."discord_luau/std_polyfills@0.0.1 luau".pkg_ref]
ref_ty = "workspace"
path = "packages/std_polyfills"
