# This file is automatically @generated by pesde.
# It is not intended for manual editing.
format = 2
name = "discord_luau/formdata"
version = "0.0.1"
target = "luau"

[graph."discord_luau/stream@0.0.1 luau"]
direct = ["stream", { workspace = "discord_luau/stream", version = "^", target = "luau" }, "standard"]

[graph."discord_luau/stream@0.0.1 luau".pkg_ref]
ref_ty = "workspace"
path = "packages/stream"
